
Microsoft Visual Studio Solution File, Format Version 12.00
# Visual Studio 15
VisualStudioVersion = 15.0.26430.16
MinimumVisualStudioVersion = 10.0.40219.1
Project("{FAE04EC0-301F-11D3-BF4B-00C04F79EFBC}") = "EventsListWebApp", "EventsListWebApp\EventsListWebApp.csproj", "{2E1BB4F9-9FBA-449C-A2BD-D0CBC6BD6C58}"
EndProject
Project("{FAE04EC0-301F-11D3-BF4B-00C04F79EFBC}") = "EventsListBL", "EventsListBL\EventsListBL.csproj", "{EA1A22F5-3035-4A3B-B75C-0AE6D3F9CEF0}"
EndProject
Project("{FAE04EC0-301F-11D3-BF4B-00C04F79EFBC}") = "EventsListData", "EventsListData\EventsListData.csproj", "{C3789EF9-130D-4F1F-BC53-EC721FA7C3A8}"
EndProject
Project("{FAE04EC0-301F-11D3-BF4B-00C04F79EFBC}") = "EventsListCommon", "EventsListCommon\EventsListCommon.csproj", "{B5BE79B6-753E-4E41-B79F-C2F5066DCE71}"
EndProject
Project("{FAE04EC0-301F-11D3-BF4B-00C04F79EFBC}") = "EventsListDependencies", "EventsListDependencies\EventsListDependencies.csproj", "{D0F8CCA4-DADE-4BBE-BC54-A63BF8814F4A}"
EndProject
Global
	GlobalSection(SolutionConfigurationPlatforms) = preSolution
		Debug|Any CPU = Debug|Any CPU
		Release|Any CPU = Release|Any CPU
	EndGlobalSection
	GlobalSection(ProjectConfigurationPlatforms) = postSolution
		{2E1BB4F9-9FBA-449C-A2BD-D0CBC6BD6C58}.Debug|Any CPU.ActiveCfg = Debug|Any CPU
		{2E1BB4F9-9FBA-449C-A2BD-D0CBC6BD6C58}.Debug|Any CPU.Build.0 = Debug|Any CPU
		{2E1BB4F9-9FBA-449C-A2BD-D0CBC6BD6C58}.Release|Any CPU.ActiveCfg = Release|Any CPU
		{2E1BB4F9-9FBA-449C-A2BD-D0CBC6BD6C58}.Release|Any CPU.Build.0 = Release|Any CPU
		{EA1A22F5-3035-4A3B-B75C-0AE6D3F9CEF0}.Debug|Any CPU.ActiveCfg = Debug|Any CPU
		{EA1A22F5-3035-4A3B-B75C-0AE6D3F9CEF0}.Debug|Any CPU.Build.0 = Debug|Any CPU
		{EA1A22F5-3035-4A3B-B75C-0AE6D3F9CEF0}.Release|Any CPU.ActiveCfg = Release|Any CPU
		{EA1A22F5-3035-4A3B-B75C-0AE6D3F9CEF0}.Release|Any CPU.Build.0 = Release|Any CPU
		{C3789EF9-130D-4F1F-BC53-EC721FA7C3A8}.Debug|Any CPU.ActiveCfg = Debug|Any CPU
		{C3789EF9-130D-4F1F-BC53-EC721FA7C3A8}.Debug|Any CPU.Build.0 = Debug|Any CPU
		{C3789EF9-130D-4F1F-BC53-EC721FA7C3A8}.Release|Any CPU.ActiveCfg = Release|Any CPU
		{C3789EF9-130D-4F1F-BC53-EC721FA7C3A8}.Release|Any CPU.Build.0 = Release|Any CPU
		{B5BE79B6-753E-4E41-B79F-C2F5066DCE71}.Debug|Any CPU.ActiveCfg = Debug|Any CPU
		{B5BE79B6-753E-4E41-B79F-C2F5066DCE71}.Debug|Any CPU.Build.0 = Debug|Any CPU
		{B5BE79B6-753E-4E41-B79F-C2F5066DCE71}.Release|Any CPU.ActiveCfg = Release|Any CPU
		{B5BE79B6-753E-4E41-B79F-C2F5066DCE71}.Release|Any CPU.Build.0 = Release|Any CPU
		{D0F8CCA4-DADE-4BBE-BC54-A63BF8814F4A}.Debug|Any CPU.ActiveCfg = Debug|Any CPU
		{D0F8CCA4-DADE-4BBE-BC54-A63BF8814F4A}.Debug|Any CPU.Build.0 = Debug|Any CPU
		{D0F8CCA4-DADE-4BBE-BC54-A63BF8814F4A}.Release|Any CPU.ActiveCfg = Release|Any CPU
		{D0F8CCA4-DADE-4BBE-BC54-A63BF8814F4A}.Release|Any CPU.Build.0 = Release|Any CPU
	EndGlobalSection
	GlobalSection(SolutionProperties) = preSolution
		HideSolutionNode = FALSE
	EndGlobalSection
EndGlobal
